PODS:
  - FlickrKit (1.0.9)
  - IQKeyboardManagerSwift (6.2.0)
  - Kingfisher (5.0.1)
  - SnapKit (4.2.0)

DEPENDENCIES:
  - FlickrKit
  - IQKeyboardManagerSwift
  - Kingfisher
  - SnapKit

SPEC REPOS:
  https://github.com/cocoapods/specs.git:
    - FlickrKit
    - IQKeyboardManagerSwift
    - Kingfisher
    - SnapKit

SPEC CHECKSUMS:
  FlickrKit: 79ffaf64a12293ba2b1aa8a2e53a4958cb113256
  IQKeyboardManagerSwift: b07ccf9d8cafe993dcd6cb794eb4ba34611a0c4e
  Kingfisher: 4f771421b9208185217550528a06fd48756cb7c2
  SnapKit: fe8a619752f3f27075cc9a90244d75c6c3f27e2a

PODFILE CHECKSUM: 55e6f316b22e79307dbd34ea4cc421952998a203

COCOAPODS: 1.5.3
